{
  "name": "simple",
  "version": "1.0.0",
  "lockfileVersion": 1,
  "requires": true,
  "dependencies": {
    "openzeppelin-solidity": {
      "version": "2.1.0",
      "resolved": "https://registry.npmjs.org/openzeppelin-solidity/-/openzeppelin-solidity-2.1.0.tgz",
      "integrity": "sha512-FMRP0ydy0s0IohRUMb6FPjPaAkoEBn8LyjcUZZO0A901993aAxWWOoXyFt65gYh9pjCZt0nCx58Tv/QbUqNIAA=="
    }
  }
}
